
Microsoft Visual Studio Solution File, Format Version 12.00
# Visual Studio Version 17
VisualStudioVersion = 17.5.33530.505
MinimumVisualStudioVersion = 10.0.40219.1
Project("{9A19103F-16F7-4668-BE54-9A1E7A4F7556}") = "UsingCrontab", "UsingCrontab\UsingCrontab.csproj", "{F5835299-9248-4A45-9398-9FD455AAA40E}"
EndProject
Project("{9A19103F-16F7-4668-BE54-9A1E7A4F7556}") = "ConcurrencyInC#", "ConcurrencyInC#\ConcurrencyInC#.csproj", "{00EE935F-F1A6-4853-8E05-D821DBAFC6B2}"
EndProject
Project("{9A19103F-16F7-4668-BE54-9A1E7A4F7556}") = "FunctionalProgrammingInC#", "FunctionalProgrammingInC#\FunctionalProgrammingInC#.csproj", "{11FBE579-0668-4CEE-AAEC-B5C9CA79199F}"
EndProject
Project("{9A19103F-16F7-4668-BE54-9A1E7A4F7556}") = "HeadFirstDesignPatterns", "Head First Design Patterns\HeadFirstDesignPatterns\HeadFirstDesignPatterns.csproj", "{2E82088E-448D-40B6-A73E-64DF334BF58F}"
EndProject
Project("{9A19103F-16F7-4668-BE54-9A1E7A4F7556}") = "PerformanceWithNet6", "PerformanceWithNet6\PerformanceWithNet6.csproj", "{E4C5456A-6F76-4B75-B495-A6C564ADAC57}"
EndProject
Project("{9A19103F-16F7-4668-BE54-9A1E7A4F7556}") = "DesignPatternC#", "DesignPatternC#\DesignPatternC#.csproj", "{43BB82FA-4C00-4EE7-9A0D-74094E83340A}"
EndProject
Project("{9A19103F-16F7-4668-BE54-9A1E7A4F7556}") = "SecureCoding", "SecureCoding\SecureCoding.csproj", "{4C3569B5-4AD5-4DFD-B3B4-D94C5DA07793}"
EndProject
Project("{9A19103F-16F7-4668-BE54-9A1E7A4F7556}") = "PipelineProcessing", "PipelineProcessing\PipelineProcessing.csproj", "{CD07E6C6-31A9-4AAF-8C60-37DA6CF87653}"
EndProject
Project("{FAE04EC0-301F-11D3-BF4B-00C04F79EFBC}") = "ReactiveInAction", "ReactiveInAction\ReactiveInAction.csproj", "{C6607431-B914-4CEB-8FFD-663A3402EED3}"
EndProject
Project("{FAE04EC0-301F-11D3-BF4B-00C04F79EFBC}") = "CsharpRecap", "CSharpSnippets\CsharpRecap\CsharpRecap.csproj", "{5E8104D9-EE37-41CD-9090-3AA9207C7D77}"
EndProject
Project("{FAE04EC0-301F-11D3-BF4B-00C04F79EFBC}") = "ReflectionInAction", "ReflectionInAction\ReflectionInAction.csproj", "{CA3F43B1-5704-4A89-B69A-DE94D16602B9}"
EndProject
Project("{FAE04EC0-301F-11D3-BF4B-00C04F79EFBC}") = "PerformanceEngineering", "PerformanceEngineering\PerformanceEngineering.csproj", "{FEA2CAD1-63BF-465F-B28A-2971DA65FB8D}"
EndProject
Global
	GlobalSection(SolutionConfigurationPlatforms) = preSolution
		Debug|Any CPU = Debug|Any CPU
		Release|Any CPU = Release|Any CPU
	EndGlobalSection
	GlobalSection(ProjectConfigurationPlatforms) = postSolution
		{F5835299-9248-4A45-9398-9FD455AAA40E}.Debug|Any CPU.ActiveCfg = Debug|Any CPU
		{F5835299-9248-4A45-9398-9FD455AAA40E}.Debug|Any CPU.Build.0 = Debug|Any CPU
		{F5835299-9248-4A45-9398-9FD455AAA40E}.Release|Any CPU.ActiveCfg = Release|Any CPU
		{F5835299-9248-4A45-9398-9FD455AAA40E}.Release|Any CPU.Build.0 = Release|Any CPU
		{00EE935F-F1A6-4853-8E05-D821DBAFC6B2}.Debug|Any CPU.ActiveCfg = Debug|Any CPU
		{00EE935F-F1A6-4853-8E05-D821DBAFC6B2}.Debug|Any CPU.Build.0 = Debug|Any CPU
		{00EE935F-F1A6-4853-8E05-D821DBAFC6B2}.Release|Any CPU.ActiveCfg = Release|Any CPU
		{00EE935F-F1A6-4853-8E05-D821DBAFC6B2}.Release|Any CPU.Build.0 = Release|Any CPU
		{11FBE579-0668-4CEE-AAEC-B5C9CA79199F}.Debug|Any CPU.ActiveCfg = Debug|Any CPU
		{11FBE579-0668-4CEE-AAEC-B5C9CA79199F}.Debug|Any CPU.Build.0 = Debug|Any CPU
		{11FBE579-0668-4CEE-AAEC-B5C9CA79199F}.Release|Any CPU.ActiveCfg = Release|Any CPU
		{11FBE579-0668-4CEE-AAEC-B5C9CA79199F}.Release|Any CPU.Build.0 = Release|Any CPU
		{2E82088E-448D-40B6-A73E-64DF334BF58F}.Debug|Any CPU.ActiveCfg = Debug|Any CPU
		{2E82088E-448D-40B6-A73E-64DF334BF58F}.Debug|Any CPU.Build.0 = Debug|Any CPU
		{2E82088E-448D-40B6-A73E-64DF334BF58F}.Release|Any CPU.ActiveCfg = Release|Any CPU
		{2E82088E-448D-40B6-A73E-64DF334BF58F}.Release|Any CPU.Build.0 = Release|Any CPU
		{E4C5456A-6F76-4B75-B495-A6C564ADAC57}.Debug|Any CPU.ActiveCfg = Debug|Any CPU
		{E4C5456A-6F76-4B75-B495-A6C564ADAC57}.Debug|Any CPU.Build.0 = Debug|Any CPU
		{E4C5456A-6F76-4B75-B495-A6C564ADAC57}.Release|Any CPU.ActiveCfg = Release|Any CPU
		{E4C5456A-6F76-4B75-B495-A6C564ADAC57}.Release|Any CPU.Build.0 = Release|Any CPU
		{43BB82FA-4C00-4EE7-9A0D-74094E83340A}.Debug|Any CPU.ActiveCfg = Debug|Any CPU
		{43BB82FA-4C00-4EE7-9A0D-74094E83340A}.Debug|Any CPU.Build.0 = Debug|Any CPU
		{43BB82FA-4C00-4EE7-9A0D-74094E83340A}.Release|Any CPU.ActiveCfg = Release|Any CPU
		{43BB82FA-4C00-4EE7-9A0D-74094E83340A}.Release|Any CPU.Build.0 = Release|Any CPU
		{4C3569B5-4AD5-4DFD-B3B4-D94C5DA07793}.Debug|Any CPU.ActiveCfg = Debug|Any CPU
		{4C3569B5-4AD5-4DFD-B3B4-D94C5DA07793}.Debug|Any CPU.Build.0 = Debug|Any CPU
		{4C3569B5-4AD5-4DFD-B3B4-D94C5DA07793}.Release|Any CPU.ActiveCfg = Release|Any CPU
		{4C3569B5-4AD5-4DFD-B3B4-D94C5DA07793}.Release|Any CPU.Build.0 = Release|Any CPU
		{CD07E6C6-31A9-4AAF-8C60-37DA6CF87653}.Debug|Any CPU.ActiveCfg = Debug|Any CPU
		{CD07E6C6-31A9-4AAF-8C60-37DA6CF87653}.Debug|Any CPU.Build.0 = Debug|Any CPU
		{CD07E6C6-31A9-4AAF-8C60-37DA6CF87653}.Release|Any CPU.ActiveCfg = Release|Any CPU
		{CD07E6C6-31A9-4AAF-8C60-37DA6CF87653}.Release|Any CPU.Build.0 = Release|Any CPU
		{C6607431-B914-4CEB-8FFD-663A3402EED3}.Debug|Any CPU.ActiveCfg = Debug|Any CPU
		{C6607431-B914-4CEB-8FFD-663A3402EED3}.Debug|Any CPU.Build.0 = Debug|Any CPU
		{C6607431-B914-4CEB-8FFD-663A3402EED3}.Release|Any CPU.ActiveCfg = Release|Any CPU
		{C6607431-B914-4CEB-8FFD-663A3402EED3}.Release|Any CPU.Build.0 = Release|Any CPU
		{5E8104D9-EE37-41CD-9090-3AA9207C7D77}.Debug|Any CPU.ActiveCfg = Debug|Any CPU
		{5E8104D9-EE37-41CD-9090-3AA9207C7D77}.Debug|Any CPU.Build.0 = Debug|Any CPU
		{5E8104D9-EE37-41CD-9090-3AA9207C7D77}.Release|Any CPU.ActiveCfg = Release|Any CPU
		{5E8104D9-EE37-41CD-9090-3AA9207C7D77}.Release|Any CPU.Build.0 = Release|Any CPU
		{CA3F43B1-5704-4A89-B69A-DE94D16602B9}.Debug|Any CPU.ActiveCfg = Debug|Any CPU
		{CA3F43B1-5704-4A89-B69A-DE94D16602B9}.Debug|Any CPU.Build.0 = Debug|Any CPU
		{CA3F43B1-5704-4A89-B69A-DE94D16602B9}.Release|Any CPU.ActiveCfg = Release|Any CPU
		{CA3F43B1-5704-4A89-B69A-DE94D16602B9}.Release|Any CPU.Build.0 = Release|Any CPU
		{FEA2CAD1-63BF-465F-B28A-2971DA65FB8D}.Debug|Any CPU.ActiveCfg = Debug|Any CPU
		{FEA2CAD1-63BF-465F-B28A-2971DA65FB8D}.Debug|Any CPU.Build.0 = Debug|Any CPU
		{FEA2CAD1-63BF-465F-B28A-2971DA65FB8D}.Release|Any CPU.ActiveCfg = Release|Any CPU
		{FEA2CAD1-63BF-465F-B28A-2971DA65FB8D}.Release|Any CPU.Build.0 = Release|Any CPU
	EndGlobalSection
	GlobalSection(SolutionProperties) = preSolution
		HideSolutionNode = FALSE
	EndGlobalSection
	GlobalSection(ExtensibilityGlobals) = postSolution
		SolutionGuid = {A5823713-FF71-4AC7-9D37-8624EDE38031}
	EndGlobalSection
EndGlobal
