
Microsoft Visual Studio Solution File, Format Version 12.00
# Visual Studio Version 17
VisualStudioVersion = 17.5.002.0
MinimumVisualStudioVersion = 10.0.40219.1
Project("{9A19103F-16F7-4668-BE54-9A1E7A4F7556}") = "AdvancedAspnetCoreSecurity", "AdvancedAspnetCoreSecurity\AdvancedAspnetCoreSecurity.csproj", "{2D8B1108-CAB6-44DF-B884-CA74D8914265}"
EndProject
Project("{9A19103F-16F7-4668-BE54-9A1E7A4F7556}") = "AspDataProtectionInAction", "AspDataProtectionInAction\AspDataProtectionInAction.csproj", "{BAE92E6A-5A0C-48D0-92D7-CB6C9A1B2F23}"
EndProject
Project("{9A19103F-16F7-4668-BE54-9A1E7A4F7556}") = "BlazorWithSecurity", "BlazorWithSecurity\BlazorWithSecurity.csproj", "{403CDDD4-7F6A-499B-A4DD-41A157C935E7}"
EndProject
Project("{9A19103F-16F7-4668-BE54-9A1E7A4F7556}") = "MultipleSchemesAuthentication", "MultipleSchemesAuthentication\MultipleSchemesAuthentication.csproj", "{58A45677-815E-4413-961D-FA92E2134B05}"
EndProject
Project("{9A19103F-16F7-4668-BE54-9A1E7A4F7556}") = "Authorization", "RazorWithSecurity\Authorization.csproj", "{A4585B67-A1BA-4566-A6D0-4FA2106F7BE6}"
EndProject
Project("{9A19103F-16F7-4668-BE54-9A1E7A4F7556}") = "SecureByDesign", "SecureByDesign\SecureByDesign.csproj", "{C41B27B5-90DE-42B3-B6D1-C33333784A9E}"
EndProject
Project("{2150E333-8FDC-42A3-9474-1A3956D46DE8}") = "Identity", "Identity", "{E938EA0A-0E4B-4075-945E-1BA6F394C613}"
EndProject
Project("{FAE04EC0-301F-11D3-BF4B-00C04F79EFBC}") = "TodoAppUsingIdentity", "TodoAppUsingIdentity\TodoAppUsingIdentity.csproj", "{5A53432C-DFF5-4A95-94BA-BC3298EFEC16}"
EndProject
Global
	GlobalSection(SolutionConfigurationPlatforms) = preSolution
		Debug|Any CPU = Debug|Any CPU
		Release|Any CPU = Release|Any CPU
	EndGlobalSection
	GlobalSection(ProjectConfigurationPlatforms) = postSolution
		{2D8B1108-CAB6-44DF-B884-CA74D8914265}.Debug|Any CPU.ActiveCfg = Debug|Any CPU
		{2D8B1108-CAB6-44DF-B884-CA74D8914265}.Debug|Any CPU.Build.0 = Debug|Any CPU
		{2D8B1108-CAB6-44DF-B884-CA74D8914265}.Release|Any CPU.ActiveCfg = Release|Any CPU
		{2D8B1108-CAB6-44DF-B884-CA74D8914265}.Release|Any CPU.Build.0 = Release|Any CPU
		{BAE92E6A-5A0C-48D0-92D7-CB6C9A1B2F23}.Debug|Any CPU.ActiveCfg = Debug|Any CPU
		{BAE92E6A-5A0C-48D0-92D7-CB6C9A1B2F23}.Debug|Any CPU.Build.0 = Debug|Any CPU
		{BAE92E6A-5A0C-48D0-92D7-CB6C9A1B2F23}.Release|Any CPU.ActiveCfg = Release|Any CPU
		{BAE92E6A-5A0C-48D0-92D7-CB6C9A1B2F23}.Release|Any CPU.Build.0 = Release|Any CPU
		{403CDDD4-7F6A-499B-A4DD-41A157C935E7}.Debug|Any CPU.ActiveCfg = Debug|Any CPU
		{403CDDD4-7F6A-499B-A4DD-41A157C935E7}.Debug|Any CPU.Build.0 = Debug|Any CPU
		{403CDDD4-7F6A-499B-A4DD-41A157C935E7}.Release|Any CPU.ActiveCfg = Release|Any CPU
		{403CDDD4-7F6A-499B-A4DD-41A157C935E7}.Release|Any CPU.Build.0 = Release|Any CPU
		{58A45677-815E-4413-961D-FA92E2134B05}.Debug|Any CPU.ActiveCfg = Debug|Any CPU
		{58A45677-815E-4413-961D-FA92E2134B05}.Debug|Any CPU.Build.0 = Debug|Any CPU
		{58A45677-815E-4413-961D-FA92E2134B05}.Release|Any CPU.ActiveCfg = Release|Any CPU
		{58A45677-815E-4413-961D-FA92E2134B05}.Release|Any CPU.Build.0 = Release|Any CPU
		{A4585B67-A1BA-4566-A6D0-4FA2106F7BE6}.Debug|Any CPU.ActiveCfg = Debug|Any CPU
		{A4585B67-A1BA-4566-A6D0-4FA2106F7BE6}.Debug|Any CPU.Build.0 = Debug|Any CPU
		{A4585B67-A1BA-4566-A6D0-4FA2106F7BE6}.Release|Any CPU.ActiveCfg = Release|Any CPU
		{A4585B67-A1BA-4566-A6D0-4FA2106F7BE6}.Release|Any CPU.Build.0 = Release|Any CPU
		{C41B27B5-90DE-42B3-B6D1-C33333784A9E}.Debug|Any CPU.ActiveCfg = Debug|Any CPU
		{C41B27B5-90DE-42B3-B6D1-C33333784A9E}.Debug|Any CPU.Build.0 = Debug|Any CPU
		{C41B27B5-90DE-42B3-B6D1-C33333784A9E}.Release|Any CPU.ActiveCfg = Release|Any CPU
		{C41B27B5-90DE-42B3-B6D1-C33333784A9E}.Release|Any CPU.Build.0 = Release|Any CPU
		{5A53432C-DFF5-4A95-94BA-BC3298EFEC16}.Debug|Any CPU.ActiveCfg = Debug|Any CPU
		{5A53432C-DFF5-4A95-94BA-BC3298EFEC16}.Debug|Any CPU.Build.0 = Debug|Any CPU
		{5A53432C-DFF5-4A95-94BA-BC3298EFEC16}.Release|Any CPU.ActiveCfg = Release|Any CPU
		{5A53432C-DFF5-4A95-94BA-BC3298EFEC16}.Release|Any CPU.Build.0 = Release|Any CPU
	EndGlobalSection
	GlobalSection(SolutionProperties) = preSolution
		HideSolutionNode = FALSE
	EndGlobalSection
	GlobalSection(NestedProjects) = preSolution
		{5A53432C-DFF5-4A95-94BA-BC3298EFEC16} = {E938EA0A-0E4B-4075-945E-1BA6F394C613}
	EndGlobalSection
	GlobalSection(ExtensibilityGlobals) = postSolution
		SolutionGuid = {B0BA035D-DF85-4B7E-B180-DF267C77AF77}
	EndGlobalSection
EndGlobal
